// !$*UTF8*$!
{
	archiveVersion = 1;
	classes = {
	};
	objectVersion = 50;
	objects = {

/* Begin PBXBuildFile section */
		AF389C06268DB01F007379D3 /* WeatherButton.swift in Sources */ = {isa = PBXBuildFile; fileRef = AF389C05268DB01F007379D3 /* WeatherButton.swift */; };
		AF389C07268DB01F007379D3 /* WeatherButton.swift in Sources */ = {isa = PBXBuildFile; fileRef = AF389C05268DB01F007379D3 /* WeatherButton.swift */; };
		AF786E3E2688AEB40097F848 /* Weather_AppApp.swift in Sources */ = {isa = PBXBuildFile; fileRef = AF786E2B2688AEB00097F848 /* Weather_AppApp.swift */; };
		AF786E3F2688AEB40097F848 /* Weather_AppApp.swift in Sources */ = {isa = PBXBuildFile; fileRef = AF786E2B2688AEB00097F848 /* Weather_AppApp.swift */; };
		AF786E402688AEB40097F848 /* ContentView.swift in Sources */ = {isa = PBXBuildFile; fileRef = AF786E2C2688AEB00097F848 /* ContentView.swift */; };
		AF786E412688AEB40097F848 /* ContentView.swift in Sources */ = {isa = PBXBuildFile; fileRef = AF786E2C2688AEB00097F848 /* ContentView.swift */; };
		AF786E422688AEB40097F848 /* Assets.xcassets in Resources */ = {isa = PBXBuildFile; fileRef = AF786E2D2688AEB40097F848 /* Assets.xcassets */; };
		AF786E432688AEB40097F848 /* Assets.xcassets in Resources */ = {isa = PBXBuildFile; fileRef = AF786E2D2688AEB40097F848 /* Assets.xcassets */; };
/* End PBXBuildFile section */

/* Begin PBXFileReference section */
		AF389C05268DB01F007379D3 /* WeatherButton.swift */ = {isa = PBXFileReference; lastKnownFileType = sourcecode.swift; path = WeatherButton.swift; sourceTree = "<group>"; };
		AF786E2B2688AEB00097F848 /* Weather_AppApp.swift */ = {isa = PBXFileReference; lastKnownFileType = sourcecode.swift; path = Weather_AppApp.swift; sourceTree = "<group>"; };
		AF786E2C2688AEB00097F848 /* ContentView.swift */ = {isa = PBXFileReference; lastKnownFileType = sourcecode.swift; path = ContentView.swift; sourceTree = "<group>"; };
		AF786E2D2688AEB40097F848 /* Assets.xcassets */ = {isa = PBXFileReference; lastKnownFileType = folder.assetcatalog; path = Assets.xcassets; sourceTree = "<group>"; };
		AF786E322688AEB40097F848 /* Weather App.app */ = {isa = PBXFileReference; explicitFileType = wrapper.application; includeInIndex = 0; path = "Weather App.app"; sourceTree = BUILT_PRODUCTS_DIR; };
		AF786E352688AEB40097F848 /* Info.plist */ = {isa = PBXFileReference; lastKnownFileType = text.plist.xml; path = Info.plist; sourceTree = "<group>"; };
		AF786E3A2688AEB40097F848 /* Weather App.app */ = {isa = PBXFileReference; explicitFileType = wrapper.application; includeInIndex = 0; path = "Weather App.app"; sourceTree = BUILT_PRODUCTS_DIR; };
		AF786E3C2688AEB40097F848 /* Info.plist */ = {isa = PBXFileReference; lastKnownFileType = text.plist.xml; path = Info.plist; sourceTree = "<group>"; };
		AF786E3D2688AEB40097F848 /* macOS.entitlements */ = {isa = PBXFileReference; lastKnownFileType = text.plist.entitlements; path = macOS.entitlements; sourceTree = "<group>"; };
/* End PBXFileReference section */

/* Begin PBXFrameworksBuildPhase section */
		AF786E2F2688AEB40097F848 /* Frameworks */ = {
			isa = PBXFrameworksBuildPhase;
			buildActionMask = 2147483647;
			files = (
			);
			runOnlyForDeploymentPostprocessing = 0;
		};
		AF786E372688AEB40097F848 /* Frameworks */ = {
			isa = PBXFrameworksBuildPhase;
			buildActionMask = 2147483647;
			files = (
			);
			runOnlyForDeploymentPostprocessing = 0;
		};
/* End PBXFrameworksBuildPhase section */

/* Begin PBXGroup section */
		AF786E252688AEAF0097F848 = {
			isa = PBXGroup;
			children = (
				AF786E2A2688AEB00097F848 /* Shared */,
				AF786E342688AEB40097F848 /* iOS */,
				AF786E3B2688AEB40097F848 /* macOS */,
				AF786E332688AEB40097F848 /* Products */,
			);
			sourceTree = "<group>";
		};
		AF786E2A2688AEB00097F848 /* Shared */ = {
			isa = PBXGroup;
			children = (
				AF786E2B2688AEB00097F848 /* Weather_AppApp.swift */,
				AF786E2C2688AEB00097F848 /* ContentView.swift */,
				AF389C05268DB01F007379D3 /* WeatherButton.swift */,
				AF786E2D2688AEB40097F848 /* Assets.xcassets */,
			);
			path = Shared;
			sourceTree = "<group>";
		};
		AF786E332688AEB40097F848 /* Products */ = {
			isa = PBXGroup;
			children = (
				AF786E322688AEB40097F848 /* Weather App.app */,
				AF786E3A2688AEB40097F848 /* Weather App.app */,
			);
			name = Products;
			sourceTree = "<group>";
		};
		AF786E342688AEB40097F848 /* iOS */ = {
			isa = PBXGroup;
			children = (
				AF786E352688AEB40097F848 /* Info.plist */,
			);
			path = iOS;
			sourceTree = "<group>";
		};
		AF786E3B2688AEB40097F848 /* macOS */ = {
			isa = PBXGroup;
			children = (
				AF786E3C2688AEB40097F848 /* Info.plist */,
				AF786E3D2688AEB40097F848 /* macOS.entitlements */,
			);
			path = macOS;
			sourceTree = "<group>";
		};
/* End PBXGroup section */

/* Begin PBXNativeTarget section */
		AF786E312688AEB40097F848 /* Weather App (iOS) */ = {
			isa = PBXNativeTarget;
			buildConfigurationList = AF786E462688AEB40097F848 /* Build configuration list for PBXNativeTarget "Weather App (iOS)" */;
			buildPhases = (
				AF786E2E2688AEB40097F848 /* Sources */,
				AF786E2F2688AEB40097F848 /* Frameworks */,
				AF786E302688AEB40097F848 /* Resources */,
			);
			buildRules = (
			);
			dependencies = (
			);
			name = "Weather App (iOS)";
			productName = "Weather App (iOS)";
			productReference = AF786E322688AEB40097F848 /* Weather App.app */;
			productType = "com.apple.product-type.application";
		};
		AF786E392688AEB40097F848 /* Weather App (macOS) */ = {
			isa = PBXNativeTarget;
			buildConfigurationList = AF786E492688AEB40097F848 /* Build configuration list for PBXNativeTarget "Weather App (macOS)" */;
			buildPhases = (
				AF786E362688AEB40097F848 /* Sources */,
				AF786E372688AEB40097F848 /* Frameworks */,
				AF786E382688AEB40097F848 /* Resources */,
			);
			buildRules = (
			);
			dependencies = (
			);
			name = "Weather App (macOS)";
			productName = "Weather App (macOS)";
			productReference = AF786E3A2688AEB40097F848 /* Weather App.app */;
			productType = "com.apple.product-type.application";
		};
/* End PBXNativeTarget section */

/* Begin PBXProject section */
		AF786E262688AEAF0097F848 /* Project object */ = {
			isa = PBXProject;
			attributes = {
				LastSwiftUpdateCheck = 1240;
				LastUpgradeCheck = 1240;
				TargetAttributes = {
					AF786E312688AEB40097F848 = {
						CreatedOnToolsVersion = 12.4;
					};
					AF786E392688AEB40097F848 = {
						CreatedOnToolsVersion = 12.4;
					};
				};
			};
			buildConfigurationList = AF786E292688AEAF0097F848 /* Build configuration list for PBXProject "Weather App" */;
			compatibilityVersion = "Xcode 9.3";
			developmentRegion = en;
			hasScannedForEncodings = 0;
			knownRegions = (
				en,
				Base,
			);
			mainGroup = AF786E252688AEAF0097F848;
			productRefGroup = AF786E332688AEB40097F848 /* Products */;
			projectDirPath = "";
			projectRoot = "";
			targets = (
				AF786E312688AEB40097F848 /* Weather App (iOS) */,
				AF786E392688AEB40097F848 /* Weather App (macOS) */,
			);
		};
/* End PBXProject section */

/* Begin PBXResourcesBuildPhase section */
		AF786E302688AEB40097F848 /* Resources */ = {
			isa = PBXResourcesBuildPhase;
			buildActionMask = 2147483647;
			files = (
				AF786E422688AEB40097F848 /* Assets.xcassets in Resources */,
			);
			runOnlyForDeploymentPostprocessing = 0;
		};
		AF786E382688AEB40097F848 /* Resources */ = {
			isa = PBXResourcesBuildPhase;
			buildActionMask = 2147483647;
			files = (
				AF786E432688AEB40097F848 /* Assets.xcassets in Resources */,
			);
			runOnlyForDeploymentPostprocessing = 0;
		};
/* End PBXResourcesBuildPhase section */

/* Begin PBXSourcesBuildPhase section */
		AF786E2E2688AEB40097F848 /* Sources */ = {
			isa = PBXSourcesBuildPhase;
			buildActionMask = 2147483647;
			files = (
				AF786E402688AEB40097F848 /* ContentView.swift in Sources */,
				AF786E3E2688AEB40097F848 /* Weather_AppApp.swift in Sources */,
				AF389C06268DB01F007379D3 /* WeatherButton.swift in Sources */,
			);
			runOnlyForDeploymentPostprocessing = 0;
		};
		AF786E362688AEB40097F848 /* Sources */ = {
			isa = PBXSourcesBuildPhase;
			buildActionMask = 2147483647;
			files = (
				AF786E412688AEB40097F848 /* ContentView.swift in Sources */,
				AF786E3F2688AEB40097F848 /* Weather_AppApp.swift in Sources */,
				AF389C07268DB01F007379D3 /* WeatherButton.swift in Sources */,
			);
			runOnlyForDeploymentPostprocessing = 0;
		};
/* End PBXSourcesBuildPhase section */

/* Begin XCBuildConfiguration section */
		AF786E442688AEB40097F848 /* Debug */ = {
			isa = XCBuildConfiguration;
			buildSettings = {
				ALWAYS_SEARCH_USER_PATHS = NO;
				CLANG_ANALYZER_NONNULL = YES;
				CLANG_ANALYZER_NUMBER_OBJECT_CONVERSION = YES_AGGRESSIVE;
				CLANG_CXX_LANGUAGE_STANDARD = "gnu++14";
				CLANG_CXX_LIBRARY = "libc++";
				CLANG_ENABLE_MODULES = YES;
				CLANG_ENABLE_OBJC_ARC = YES;
				CLANG_ENABLE_OBJC_WEAK = YES;
				CLANG_WARN_BLOCK_CAPTURE_AUTORELEASING = YES;
				CLANG_WARN_BOOL_CONVERSION = YES;
				CLANG_WARN_COMMA = YES;
				CLANG_WARN_CONSTANT_CONVERSION = YES;
				CLANG_WARN_DEPRECATED_OBJC_IMPLEMENTATIONS = YES;
				CLANG_WARN_DIRECT_OBJC_ISA_USAGE = YES_ERROR;
				CLANG_WARN_DOCUMENTATION_COMMENTS = YES;
				CLANG_WARN_EMPTY_BODY = YES;
				CLANG_WARN_ENUM_CONVERSION = YES;
				CLANG_WARN_INFINITE_RECURSION = YES;
				CLANG_WARN_INT_CONVERSION = YES;
				CLANG_WARN_NON_LITERAL_NULL_CONVERSION = YES;
				CLANG_WARN_OBJC_IMPLICIT_RETAIN_SELF = YES;
				CLANG_WARN_OBJC_LITERAL_CONVERSION = YES;
				CLANG_WARN_OBJC_ROOT_CLASS = YES_ERROR;
				CLANG_WARN_QUOTED_INCLUDE_IN_FRAMEWORK_HEADER = YES;
				CLANG_WARN_RANGE_LOOP_ANALYSIS = YES;
				CLANG_WARN_STRICT_PROTOTYPES = YES;
				CLANG_WARN_SUSPICIOUS_MOVE = YES;
				CLANG_WARN_UNGUARDED_AVAILABILITY = YES_AGGRESSIVE;
				CLANG_WARN_UNREACHABLE_CODE = YES;
				CLANG_WARN__DUPLICATE_METHOD_MATCH = YES;
				COPY_PHASE_STRIP = NO;
				DEBUG_INFORMATION_FORMAT = dwarf;
				ENABLE_STRICT_OBJC_MSGSEND = YES;
				ENABLE_TESTABILITY = YES;
				GCC_C_LANGUAGE_STANDARD = gnu11;
				GCC_DYNAMIC_NO_PIC = NO;
				GCC_NO_COMMON_BLOCKS = YES;
				GCC_OPTIMIZATION_LEVEL = 0;
				GCC_PREPROCESSOR_DEFINITIONS = (
					"DEBUG=1",
					"$(inherited)",
				);
				GCC_WARN_64_TO_32_BIT_CONVERSION = YES;
				GCC_WARN_ABOUT_RETURN_TYPE = YES_ERROR;
				GCC_WARN_UNDECLARED_SELECTOR = YES;
				GCC_WARN_UNINITIALIZED_AUTOS = YES_AGGRESSIVE;
				GCC_WARN_UNUSED_FUNCTION = YES;
				GCC_WARN_UNUSED_VARIABLE = YES;
				MTL_ENABLE_DEBUG_INFO = INCLUDE_SOURCE;
				MTL_FAST_MATH = YES;
				ONLY_ACTIVE_ARCH = YES;
				SWIFT_ACTIVE_COMPILATION_CONDITIONS = DEBUG;
				SWIFT_OPTIMIZATION_LEVEL = "-Onone";
			};
			name = Debug;
		};
		AF786E452688AEB40097F848 /* Release */ = {
			isa = XCBuildConfiguration;
			buildSettings = {
				ALWAYS_SEARCH_USER_PATHS = NO;
				CLANG_ANALYZER_NONNULL = YES;
				CLANG_ANALYZER_NUMBER_OBJECT_CONVERSION = YES_AGGRESSIVE;
				CLANG_CXX_LANGUAGE_STANDARD = "gnu++14";
				CLANG_CXX_LIBRARY = "libc++";
				CLANG_ENABLE_MODULES = YES;
				CLANG_ENABLE_OBJC_ARC = YES;
				CLANG_ENABLE_OBJC_WEAK = YES;
				CLANG_WARN_BLOCK_CAPTURE_AUTORELEASING = YES;
				CLANG_WARN_BOOL_CONVERSION = YES;
				CLANG_WARN_COMMA = YES;
				CLANG_WARN_CONSTANT_CONVERSION = YES;
				CLANG_WARN_DEPRECATED_OBJC_IMPLEMENTATIONS = YES;
				CLANG_WARN_DIRECT_OBJC_ISA_USAGE = YES_ERROR;
				CLANG_WARN_DOCUMENTATION_COMMENTS = YES;
				CLANG_WARN_EMPTY_BODY = YES;
				CLANG_WARN_ENUM_CONVERSION = YES;
				CLANG_WARN_INFINITE_RECURSION = YES;
				CLANG_WARN_INT_CONVERSION = YES;
				CLANG_WARN_NON_LITERAL_NULL_CONVERSION = YES;
				CLANG_WARN_OBJC_IMPLICIT_RETAIN_SELF = YES;
				CLANG_WARN_OBJC_LITERAL_CONVERSION = YES;
				CLANG_WARN_OBJC_ROOT_CLASS = YES_ERROR;
				CLANG_WARN_QUOTED_INCLUDE_IN_FRAMEWORK_HEADER = YES;
				CLANG_WARN_RANGE_LOOP_ANALYSIS = YES;
				CLANG_WARN_STRICT_PROTOTYPES = YES;
				CLANG_WARN_SUSPICIOUS_MOVE = YES;
				CLANG_WARN_UNGUARDED_AVAILABILITY = YES_AGGRESSIVE;
				CLANG_WARN_UNREACHABLE_CODE = YES;
				CLANG_WARN__DUPLICATE_METHOD_MATCH = YES;
				COPY_PHASE_STRIP = NO;
				DEBUG_INFORMATION_FORMAT = "dwarf-with-dsym";
				ENABLE_NS_ASSERTIONS = NO;
				ENABLE_STRICT_OBJC_MSGSEND = YES;
				GCC_C_LANGUAGE_STANDARD = gnu11;
				GCC_NO_COMMON_BLOCKS = YES;
				GCC_WARN_64_TO_32_BIT_CONVERSION = YES;
				GCC_WARN_ABOUT_RETURN_TYPE = YES_ERROR;
				GCC_WARN_UNDECLARED_SELECTOR = YES;
				GCC_WARN_UNINITIALIZED_AUTOS = YES_AGGRESSIVE;
				GCC_WARN_UNUSED_FUNCTION = YES;
				GCC_WARN_UNUSED_VARIABLE = YES;
				MTL_ENABLE_DEBUG_INFO = NO;
				MTL_FAST_MATH = YES;
				SWIFT_COMPILATION_MODE = wholemodule;
				SWIFT_OPTIMIZATION_LEVEL = "-O";
			};
			name = Release;
		};
		AF786E472688AEB40097F848 /* Debug */ = {
			isa = XCBuildConfiguration;
			buildSettings = {
				ASSETCATALOG_COMPILER_APPICON_NAME = AppIcon;
				ASSETCATALOG_COMPILER_GLOBAL_ACCENT_COLOR_NAME = AccentColor;
				CODE_SIGN_STYLE = Automatic;
				DEVELOPMENT_TEAM = 32M6Y5U53Q;
				ENABLE_PREVIEWS = YES;
				INFOPLIST_FILE = iOS/Info.plist;
				IPHONEOS_DEPLOYMENT_TARGET = 14.0;
				LD_RUNPATH_SEARCH_PATHS = (
					"$(inherited)",
					"@executable_path/Frameworks",
				);
				PRODUCT_BUNDLE_IDENTIFIER = "com.masein.weatherapp.Weather-App";
				PRODUCT_NAME = "Weather App";
				SDKROOT = iphoneos;
				SWIFT_VERSION = 5.0;
				TARGETED_DEVICE_FAMILY = "1,2";
			};
			name = Debug;
		};
		AF786E482688AEB40097F848 /* Release */ = {
			isa = XCBuildConfiguration;
			buildSettings = {
				ASSETCATALOG_COMPILER_APPICON_NAME = AppIcon;
				ASSETCATALOG_COMPILER_GLOBAL_ACCENT_COLOR_NAME = AccentColor;
				CODE_SIGN_STYLE = Automatic;
				DEVELOPMENT_TEAM = 32M6Y5U53Q;
				ENABLE_PREVIEWS = YES;
				INFOPLIST_FILE = iOS/Info.plist;
				IPHONEOS_DEPLOYMENT_TARGET = 14.0;
				LD_RUNPATH_SEARCH_PATHS = (
					"$(inherited)",
					"@executable_path/Frameworks",
				);
				PRODUCT_BUNDLE_IDENTIFIER = "com.masein.weatherapp.Weather-App";
				PRODUCT_NAME = "Weather App";
				SDKROOT = iphoneos;
				SWIFT_VERSION = 5.0;
				TARGETED_DEVICE_FAMILY = "1,2";
				VALIDATE_PRODUCT = YES;
			};
			name = Release;
		};
		AF786E4A2688AEB40097F848 /* Debug */ = {
			isa = XCBuildConfiguration;
			buildSettings = {
				ASSETCATALOG_COMPILER_APPICON_NAME = AppIcon;
				ASSETCATALOG_COMPILER_GLOBAL_ACCENT_COLOR_NAME = AccentColor;
				CODE_SIGN_ENTITLEMENTS = macOS/macOS.entitlements;
				CODE_SIGN_STYLE = Automatic;
				COMBINE_HIDPI_IMAGES = YES;
				DEVELOPMENT_TEAM = 32M6Y5U53Q;
				ENABLE_HARDENED_RUNTIME = YES;
				ENABLE_PREVIEWS = YES;
				INFOPLIST_FILE = macOS/Info.plist;
				LD_RUNPATH_SEARCH_PATHS = (
					"$(inherited)",
					"@executable_path/../Frameworks",
				);
				MACOSX_DEPLOYMENT_TARGET = 11.0;
				PRODUCT_BUNDLE_IDENTIFIER = "com.masein.weatherapp.Weather-App";
				PRODUCT_NAME = "Weather App";
				SDKROOT = macosx;
				SWIFT_VERSION = 5.0;
			};
			name = Debug;
		};
		AF786E4B2688AEB40097F848 /* Release */ = {
			isa = XCBuildConfiguration;
			buildSettings = {
				ASSETCATALOG_COMPILER_APPICON_NAME = AppIcon;
				ASSETCATALOG_COMPILER_GLOBAL_ACCENT_COLOR_NAME = AccentColor;
				CODE_SIGN_ENTITLEMENTS = macOS/macOS.entitlements;
				CODE_SIGN_STYLE = Automatic;
				COMBINE_HIDPI_IMAGES = YES;
				DEVELOPMENT_TEAM = 32M6Y5U53Q;
				ENABLE_HARDENED_RUNTIME = YES;
				ENABLE_PREVIEWS = YES;
				INFOPLIST_FILE = macOS/Info.plist;
				LD_RUNPATH_SEARCH_PATHS = (
					"$(inherited)",
					"@executable_path/../Frameworks",
				);
				MACOSX_DEPLOYMENT_TARGET = 11.0;
				PRODUCT_BUNDLE_IDENTIFIER = "com.masein.weatherapp.Weather-App";
				PRODUCT_NAME = "Weather App";
				SDKROOT = macosx;
				SWIFT_VERSION = 5.0;
			};
			name = Release;
		};
/* End XCBuildConfiguration section */

/* Begin XCConfigurationList section */
		AF786E292688AEAF0097F848 /* Build configuration list for PBXProject "Weather App" */ = {
			isa = XCConfigurationList;
			buildConfigurations = (
				AF786E442688AEB40097F848 /* Debug */,
				AF786E452688AEB40097F848 /* Release */,
			);
			defaultConfigurationIsVisible = 0;
			defaultConfigurationName = Release;
		};
		AF786E462688AEB40097F848 /* Build configuration list for PBXNativeTarget "Weather App (iOS)" */ = {
			isa = XCConfigurationList;
			buildConfigurations = (
				AF786E472688AEB40097F848 /* Debug */,
				AF786E482688AEB40097F848 /* Release */,
			);
			defaultConfigurationIsVisible = 0;
			defaultConfigurationName = Release;
		};
		AF786E492688AEB40097F848 /* Build configuration list for PBXNativeTarget "Weather App (macOS)" */ = {
			isa = XCConfigurationList;
			buildConfigurations = (
				AF786E4A2688AEB40097F848 /* Debug */,
				AF786E4B2688AEB40097F848 /* Release */,
			);
			defaultConfigurationIsVisible = 0;
			defaultConfigurationName = Release;
		};
/* End XCConfigurationList section */
	};
	rootObject = AF786E262688AEAF0097F848 /* Project object */;
}
